
Microsoft Visual Studio Solution File, Format Version 12.00
# Visual Studio 2012
Project("{FAE04EC0-301F-11D3-BF4B-00C04F79EFBC}") = "MemExchange.Core", "MemExchange.Core\MemExchange.Core.csproj", "{D22C6C04-EC1B-4B6C-998B-7E8F2A3EC099}"
EndProject
Project("{FAE04EC0-301F-11D3-BF4B-00C04F79EFBC}") = "MemExchange.Server", "MemExchange.Server\MemExchange.Server.csproj", "{51426C3A-C5E5-4F71-9A2C-CD286F698CEF}"
EndProject
Project("{FAE04EC0-301F-11D3-BF4B-00C04F79EFBC}") = "MemExchange.Tests", "MemExchange.Tests\MemExchange.Tests.csproj", "{4DB341EC-8380-41CD-B672-8FA1AC7A7157}"
EndProject
Project("{FAE04EC0-301F-11D3-BF4B-00C04F79EFBC}") = "MemExchange.ClientApi", "MemExchange.ClientApi\MemExchange.ClientApi.csproj", "{9D1764AA-5657-4ADC-8AE2-66E799124862}"
EndProject
Project("{FAE04EC0-301F-11D3-BF4B-00C04F79EFBC}") = "MemExchange.Client.UI", "MemExchange.Client.UI\MemExchange.Client.UI.csproj", "{5907358D-7F17-49C3-8DA4-F2AE58DA2171}"
EndProject
Global
	GlobalSection(SolutionConfigurationPlatforms) = preSolution
		Debug|Any CPU = Debug|Any CPU
		Release|Any CPU = Release|Any CPU
	EndGlobalSection
	GlobalSection(ProjectConfigurationPlatforms) = postSolution
		{D22C6C04-EC1B-4B6C-998B-7E8F2A3EC099}.Debug|Any CPU.ActiveCfg = Debug|Any CPU
		{D22C6C04-EC1B-4B6C-998B-7E8F2A3EC099}.Debug|Any CPU.Build.0 = Debug|Any CPU
		{D22C6C04-EC1B-4B6C-998B-7E8F2A3EC099}.Release|Any CPU.ActiveCfg = Release|Any CPU
		{D22C6C04-EC1B-4B6C-998B-7E8F2A3EC099}.Release|Any CPU.Build.0 = Release|Any CPU
		{51426C3A-C5E5-4F71-9A2C-CD286F698CEF}.Debug|Any CPU.ActiveCfg = Debug|Any CPU
		{51426C3A-C5E5-4F71-9A2C-CD286F698CEF}.Debug|Any CPU.Build.0 = Debug|Any CPU
		{51426C3A-C5E5-4F71-9A2C-CD286F698CEF}.Release|Any CPU.ActiveCfg = Release|Any CPU
		{51426C3A-C5E5-4F71-9A2C-CD286F698CEF}.Release|Any CPU.Build.0 = Release|Any CPU
		{4DB341EC-8380-41CD-B672-8FA1AC7A7157}.Debug|Any CPU.ActiveCfg = Debug|Any CPU
		{4DB341EC-8380-41CD-B672-8FA1AC7A7157}.Debug|Any CPU.Build.0 = Debug|Any CPU
		{4DB341EC-8380-41CD-B672-8FA1AC7A7157}.Release|Any CPU.ActiveCfg = Release|Any CPU
		{4DB341EC-8380-41CD-B672-8FA1AC7A7157}.Release|Any CPU.Build.0 = Release|Any CPU
		{9D1764AA-5657-4ADC-8AE2-66E799124862}.Debug|Any CPU.ActiveCfg = Debug|Any CPU
		{9D1764AA-5657-4ADC-8AE2-66E799124862}.Debug|Any CPU.Build.0 = Debug|Any CPU
		{9D1764AA-5657-4ADC-8AE2-66E799124862}.Release|Any CPU.ActiveCfg = Release|Any CPU
		{9D1764AA-5657-4ADC-8AE2-66E799124862}.Release|Any CPU.Build.0 = Release|Any CPU
		{5907358D-7F17-49C3-8DA4-F2AE58DA2171}.Debug|Any CPU.ActiveCfg = Debug|Any CPU
		{5907358D-7F17-49C3-8DA4-F2AE58DA2171}.Debug|Any CPU.Build.0 = Debug|Any CPU
		{5907358D-7F17-49C3-8DA4-F2AE58DA2171}.Release|Any CPU.ActiveCfg = Release|Any CPU
		{5907358D-7F17-49C3-8DA4-F2AE58DA2171}.Release|Any CPU.Build.0 = Release|Any CPU
	EndGlobalSection
	GlobalSection(SolutionProperties) = preSolution
		HideSolutionNode = FALSE
	EndGlobalSection
EndGlobal
